// !$*UTF8*$!
{
	archiveVersion = 1;
	classes = {
	};
	objectVersion = 56;
	objects = {

/* Begin PBXBuildFile section */
		0431A04629991321000D5513 /* IosChatAppApp.swift in Sources */ = {isa = PBXBuildFile; fileRef = 0431A04529991321000D5513 /* IosChatAppApp.swift */; };
		0431A04829991321000D5513 /* ContentView.swift in Sources */ = {isa = PBXBuildFile; fileRef = 0431A04729991321000D5513 /* ContentView.swift */; };
		0431A04A29991324000D5513 /* Assets.xcassets in Resources */ = {isa = PBXBuildFile; fileRef = 0431A04929991324000D5513 /* Assets.xcassets */; };
		0431A04D29991324000D5513 /* Preview Assets.xcassets in Resources */ = {isa = PBXBuildFile; fileRef = 0431A04C29991324000D5513 /* Preview Assets.xcassets */; };
		0431A054299913E5000D5513 /* ChatSocketService.swift in Sources */ = {isa = PBXBuildFile; fileRef = 0431A053299913E5000D5513 /* ChatSocketService.swift */; };
		0431A05A29991C68000D5513 /* ChatViewModel.swift in Sources */ = {isa = PBXBuildFile; fileRef = 0431A05929991C68000D5513 /* ChatViewModel.swift */; };
		0431A05D299CE37D000D5513 /* CryptoSwift in Frameworks */ = {isa = PBXBuildFile; productRef = 0431A05C299CE37D000D5513 /* CryptoSwift */; };
		0431A060299CE4D1000D5513 /* Security.swift in Sources */ = {isa = PBXBuildFile; fileRef = 0431A05F299CE4D1000D5513 /* Security.swift */; };
		0441540329A35B4E0057BA67 /* AuthService.swift in Sources */ = {isa = PBXBuildFile; fileRef = 0441540229A35B4E0057BA67 /* AuthService.swift */; };
		0441540629A372F10057BA67 /* SignupView.swift in Sources */ = {isa = PBXBuildFile; fileRef = 0441540529A372F10057BA67 /* SignupView.swift */; };
		0441540829A38A0A0057BA67 /* WelcomeUserView.swift in Sources */ = {isa = PBXBuildFile; fileRef = 0441540729A38A0A0057BA67 /* WelcomeUserView.swift */; };
		0441540F29A38B210057BA67 /* Extension.swift in Sources */ = {isa = PBXBuildFile; fileRef = 0441540E29A38B210057BA67 /* Extension.swift */; };
		0441541129A394050057BA67 /* Proxima Nova Font-Bold.otf in Resources */ = {isa = PBXBuildFile; fileRef = 0441541029A394050057BA67 /* Proxima Nova Font-Bold.otf */; };
		0441541329A3940E0057BA67 /* Proxima Nova Font-Regular.otf in Resources */ = {isa = PBXBuildFile; fileRef = 0441541229A3940D0057BA67 /* Proxima Nova Font-Regular.otf */; };
		0441541629A46B050057BA67 /* LoginView.swift in Sources */ = {isa = PBXBuildFile; fileRef = 0441541529A46B050057BA67 /* LoginView.swift */; };
		0441541829A472E70057BA67 /* ViewHolder.swift in Sources */ = {isa = PBXBuildFile; fileRef = 0441541729A472E70057BA67 /* ViewHolder.swift */; };
		0441541A29A484C80057BA67 /* AuthViewModel.swift in Sources */ = {isa = PBXBuildFile; fileRef = 0441541929A484C80057BA67 /* AuthViewModel.swift */; };
		04853DD029A5BB3C0075D35F /* ButtonLabel.swift in Sources */ = {isa = PBXBuildFile; fileRef = 04853DCF29A5BB3C0075D35F /* ButtonLabel.swift */; };
/* End PBXBuildFile section */

/* Begin PBXFileReference section */
		0431A04229991321000D5513 /* IosChatApp.app */ = {isa = PBXFileReference; explicitFileType = wrapper.application; includeInIndex = 0; path = IosChatApp.app; sourceTree = BUILT_PRODUCTS_DIR; };
		0431A04529991321000D5513 /* IosChatAppApp.swift */ = {isa = PBXFileReference; lastKnownFileType = sourcecode.swift; path = IosChatAppApp.swift; sourceTree = "<group>"; };
		0431A04729991321000D5513 /* ContentView.swift */ = {isa = PBXFileReference; lastKnownFileType = sourcecode.swift; path = ContentView.swift; sourceTree = "<group>"; };
		0431A04929991324000D5513 /* Assets.xcassets */ = {isa = PBXFileReference; lastKnownFileType = folder.assetcatalog; path = Assets.xcassets; sourceTree = "<group>"; };
		0431A04C29991324000D5513 /* Preview Assets.xcassets */ = {isa = PBXFileReference; lastKnownFileType = folder.assetcatalog; path = "Preview Assets.xcassets"; sourceTree = "<group>"; };
		0431A053299913E5000D5513 /* ChatSocketService.swift */ = {isa = PBXFileReference; lastKnownFileType = sourcecode.swift; path = ChatSocketService.swift; sourceTree = "<group>"; };
		0431A05929991C68000D5513 /* ChatViewModel.swift */ = {isa = PBXFileReference; lastKnownFileType = sourcecode.swift; path = ChatViewModel.swift; sourceTree = "<group>"; };
		0431A05F299CE4D1000D5513 /* Security.swift */ = {isa = PBXFileReference; lastKnownFileType = sourcecode.swift; path = Security.swift; sourceTree = "<group>"; };
		0431A061299CF5E1000D5513 /* MyPlayground.playground */ = {isa = PBXFileReference; lastKnownFileType = file.playground; path = MyPlayground.playground; sourceTree = "<group>"; xcLanguageSpecificationIdentifier = xcode.lang.swift; };
		0441540229A35B4E0057BA67 /* AuthService.swift */ = {isa = PBXFileReference; lastKnownFileType = sourcecode.swift; path = AuthService.swift; sourceTree = "<group>"; };
		0441540529A372F10057BA67 /* SignupView.swift */ = {isa = PBXFileReference; lastKnownFileType = sourcecode.swift; path = SignupView.swift; sourceTree = "<group>"; };
		0441540729A38A0A0057BA67 /* WelcomeUserView.swift */ = {isa = PBXFileReference; lastKnownFileType = sourcecode.swift; path = WelcomeUserView.swift; sourceTree = "<group>"; };
		0441540E29A38B210057BA67 /* Extension.swift */ = {isa = PBXFileReference; lastKnownFileType = sourcecode.swift; path = Extension.swift; sourceTree = "<group>"; };
		0441541029A394050057BA67 /* Proxima Nova Font-Bold.otf */ = {isa = PBXFileReference; lastKnownFileType = file; path = "Proxima Nova Font-Bold.otf"; sourceTree = "<group>"; };
		0441541229A3940D0057BA67 /* Proxima Nova Font-Regular.otf */ = {isa = PBXFileReference; lastKnownFileType = file; path = "Proxima Nova Font-Regular.otf"; sourceTree = "<group>"; };
		0441541529A46B050057BA67 /* LoginView.swift */ = {isa = PBXFileReference; lastKnownFileType = sourcecode.swift; path = LoginView.swift; sourceTree = "<group>"; };
		0441541729A472E70057BA67 /* ViewHolder.swift */ = {isa = PBXFileReference; lastKnownFileType = sourcecode.swift; path = ViewHolder.swift; sourceTree = "<group>"; };
		0441541929A484C80057BA67 /* AuthViewModel.swift */ = {isa = PBXFileReference; lastKnownFileType = sourcecode.swift; path = AuthViewModel.swift; sourceTree = "<group>"; };
		04853DCF29A5BB3C0075D35F /* ButtonLabel.swift */ = {isa = PBXFileReference; lastKnownFileType = sourcecode.swift; path = ButtonLabel.swift; sourceTree = "<group>"; };
/* End PBXFileReference section */

/* Begin PBXFrameworksBuildPhase section */
		0431A03F29991321000D5513 /* Frameworks */ = {
			isa = PBXFrameworksBuildPhase;
			buildActionMask = 2147483647;
			files = (
				0431A05D299CE37D000D5513 /* CryptoSwift in Frameworks */,
			);
			runOnlyForDeploymentPostprocessing = 0;
		};
/* End PBXFrameworksBuildPhase section */

/* Begin PBXGroup section */
		0431A03929991321000D5513 = {
			isa = PBXGroup;
			children = (
				0431A04429991321000D5513 /* IosChatApp */,
				0431A04329991321000D5513 /* Products */,
			);
			sourceTree = "<group>";
		};
		0431A04329991321000D5513 /* Products */ = {
			isa = PBXGroup;
			children = (
				0431A04229991321000D5513 /* IosChatApp.app */,
			);
			name = Products;
			sourceTree = "<group>";
		};
		0431A04429991321000D5513 /* IosChatApp */ = {
			isa = PBXGroup;
			children = (
				0441540129A35B2D0057BA67 /* services */,
				0431A05E299CE4C0000D5513 /* security */,
				0431A05829991C38000D5513 /* viewmodel */,
				0441540429A372BC0057BA67 /* views */,
				0431A04529991321000D5513 /* IosChatAppApp.swift */,
				0441540D29A38B150057BA67 /* extensions */,
				0431A04929991324000D5513 /* Assets.xcassets */,
				0431A04B29991324000D5513 /* Preview Content */,
			);
			path = IosChatApp;
			sourceTree = "<group>";
		};
		0431A04B29991324000D5513 /* Preview Content */ = {
			isa = PBXGroup;
			children = (
				0431A04C29991324000D5513 /* Preview Assets.xcassets */,
			);
			path = "Preview Content";
			sourceTree = "<group>";
		};
		0431A05829991C38000D5513 /* viewmodel */ = {
			isa = PBXGroup;
			children = (
				0431A053299913E5000D5513 /* ChatSocketService.swift */,
				0431A05929991C68000D5513 /* ChatViewModel.swift */,
				0441541929A484C80057BA67 /* AuthViewModel.swift */,
			);
			path = viewmodel;
			sourceTree = "<group>";
		};
		0431A05E299CE4C0000D5513 /* security */ = {
			isa = PBXGroup;
			children = (
				0431A05F299CE4D1000D5513 /* Security.swift */,
				0431A061299CF5E1000D5513 /* MyPlayground.playground */,
			);
			path = security;
			sourceTree = "<group>";
		};
		0441540129A35B2D0057BA67 /* services */ = {
			isa = PBXGroup;
			children = (
				0441540229A35B4E0057BA67 /* AuthService.swift */,
			);
			path = services;
			sourceTree = "<group>";
		};
		0441540429A372BC0057BA67 /* views */ = {
			isa = PBXGroup;
			children = (
				0441541429A46AF20057BA67 /* auth */,
				0441540A29A38A850057BA67 /* Fonts */,
				0431A04729991321000D5513 /* ContentView.swift */,
				0441540729A38A0A0057BA67 /* WelcomeUserView.swift */,
				0441541729A472E70057BA67 /* ViewHolder.swift */,
			);
			path = views;
			sourceTree = "<group>";
		};
		0441540A29A38A850057BA67 /* Fonts */ = {
			isa = PBXGroup;
			children = (
				0441541029A394050057BA67 /* Proxima Nova Font-Bold.otf */,
				0441541229A3940D0057BA67 /* Proxima Nova Font-Regular.otf */,
			);
			path = Fonts;
			sourceTree = "<group>";
		};
		0441540D29A38B150057BA67 /* extensions */ = {
			isa = PBXGroup;
			children = (
				0441540E29A38B210057BA67 /* Extension.swift */,
			);
			path = extensions;
			sourceTree = "<group>";
		};
		0441541429A46AF20057BA67 /* auth */ = {
			isa = PBXGroup;
			children = (
				0441540529A372F10057BA67 /* SignupView.swift */,
				0441541529A46B050057BA67 /* LoginView.swift */,
				04853DCF29A5BB3C0075D35F /* ButtonLabel.swift */,
			);
			path = auth;
			sourceTree = "<group>";
		};
/* End PBXGroup section */

/* Begin PBXNativeTarget section */
		0431A04129991321000D5513 /* IosChatApp */ = {
			isa = PBXNativeTarget;
			buildConfigurationList = 0431A05029991324000D5513 /* Build configuration list for PBXNativeTarget "IosChatApp" */;
			buildPhases = (
				0431A03E29991321000D5513 /* Sources */,
				0431A03F29991321000D5513 /* Frameworks */,
				0431A04029991321000D5513 /* Resources */,
			);
			buildRules = (
			);
			dependencies = (
			);
			name = IosChatApp;
			packageProductDependencies = (
				0431A05C299CE37D000D5513 /* CryptoSwift */,
			);
			productName = IosChatApp;
			productReference = 0431A04229991321000D5513 /* IosChatApp.app */;
			productType = "com.apple.product-type.application";
		};
/* End PBXNativeTarget section */

/* Begin PBXProject section */
		0431A03A29991321000D5513 /* Project object */ = {
			isa = PBXProject;
			attributes = {
				BuildIndependentTargetsInParallel = 1;
				LastSwiftUpdateCheck = 1420;
				LastUpgradeCheck = 1420;
				TargetAttributes = {
					0431A04129991321000D5513 = {
						CreatedOnToolsVersion = 14.2;
					};
				};
			};
			buildConfigurationList = 0431A03D29991321000D5513 /* Build configuration list for PBXProject "IosChatApp" */;
			compatibilityVersion = "Xcode 14.0";
			developmentRegion = en;
			hasScannedForEncodings = 0;
			knownRegions = (
				en,
				Base,
			);
			mainGroup = 0431A03929991321000D5513;
			packageReferences = (
				0431A05B299CE37D000D5513 /* XCRemoteSwiftPackageReference "CryptoSwift" */,
			);
			productRefGroup = 0431A04329991321000D5513 /* Products */;
			projectDirPath = "";
			projectRoot = "";
			targets = (
				0431A04129991321000D5513 /* IosChatApp */,
			);
		};
/* End PBXProject section */

/* Begin PBXResourcesBuildPhase section */
		0431A04029991321000D5513 /* Resources */ = {
			isa = PBXResourcesBuildPhase;
			buildActionMask = 2147483647;
			files = (
				0431A04D29991324000D5513 /* Preview Assets.xcassets in Resources */,
				0441541129A394050057BA67 /* Proxima Nova Font-Bold.otf in Resources */,
				0441541329A3940E0057BA67 /* Proxima Nova Font-Regular.otf in Resources */,
				0431A04A29991324000D5513 /* Assets.xcassets in Resources */,
			);
			runOnlyForDeploymentPostprocessing = 0;
		};
/* End PBXResourcesBuildPhase section */

/* Begin PBXSourcesBuildPhase section */
		0431A03E29991321000D5513 /* Sources */ = {
			isa = PBXSourcesBuildPhase;
			buildActionMask = 2147483647;
			files = (
				0441540F29A38B210057BA67 /* Extension.swift in Sources */,
				04853DD029A5BB3C0075D35F /* ButtonLabel.swift in Sources */,
				0441540629A372F10057BA67 /* SignupView.swift in Sources */,
				0431A04829991321000D5513 /* ContentView.swift in Sources */,
				0431A04629991321000D5513 /* IosChatAppApp.swift in Sources */,
				0431A05A29991C68000D5513 /* ChatViewModel.swift in Sources */,
				0441541829A472E70057BA67 /* ViewHolder.swift in Sources */,
				0441540329A35B4E0057BA67 /* AuthService.swift in Sources */,
				0431A060299CE4D1000D5513 /* Security.swift in Sources */,
				0441541A29A484C80057BA67 /* AuthViewModel.swift in Sources */,
				0441540829A38A0A0057BA67 /* WelcomeUserView.swift in Sources */,
				0441541629A46B050057BA67 /* LoginView.swift in Sources */,
				0431A054299913E5000D5513 /* ChatSocketService.swift in Sources */,
			);
			runOnlyForDeploymentPostprocessing = 0;
		};
/* End PBXSourcesBuildPhase section */

/* Begin XCBuildConfiguration section */
		0431A04E29991324000D5513 /* Debug */ = {
			isa = XCBuildConfiguration;
			buildSettings = {
				ALWAYS_SEARCH_USER_PATHS = NO;
				CLANG_ANALYZER_NONNULL = YES;
				CLANG_ANALYZER_NUMBER_OBJECT_CONVERSION = YES_AGGRESSIVE;
				CLANG_CXX_LANGUAGE_STANDARD = "gnu++20";
				CLANG_ENABLE_MODULES = YES;
				CLANG_ENABLE_OBJC_ARC = YES;
				CLANG_ENABLE_OBJC_WEAK = YES;
				CLANG_WARN_BLOCK_CAPTURE_AUTORELEASING = YES;
				CLANG_WARN_BOOL_CONVERSION = YES;
				CLANG_WARN_COMMA = YES;
				CLANG_WARN_CONSTANT_CONVERSION = YES;
				CLANG_WARN_DEPRECATED_OBJC_IMPLEMENTATIONS = YES;
				CLANG_WARN_DIRECT_OBJC_ISA_USAGE = YES_ERROR;
				CLANG_WARN_DOCUMENTATION_COMMENTS = YES;
				CLANG_WARN_EMPTY_BODY = YES;
				CLANG_WARN_ENUM_CONVERSION = YES;
				CLANG_WARN_INFINITE_RECURSION = YES;
				CLANG_WARN_INT_CONVERSION = YES;
				CLANG_WARN_NON_LITERAL_NULL_CONVERSION = YES;
				CLANG_WARN_OBJC_IMPLICIT_RETAIN_SELF = YES;
				CLANG_WARN_OBJC_LITERAL_CONVERSION = YES;
				CLANG_WARN_OBJC_ROOT_CLASS = YES_ERROR;
				CLANG_WARN_QUOTED_INCLUDE_IN_FRAMEWORK_HEADER = YES;
				CLANG_WARN_RANGE_LOOP_ANALYSIS = YES;
				CLANG_WARN_STRICT_PROTOTYPES = YES;
				CLANG_WARN_SUSPICIOUS_MOVE = YES;
				CLANG_WARN_UNGUARDED_AVAILABILITY = YES_AGGRESSIVE;
				CLANG_WARN_UNREACHABLE_CODE = YES;
				CLANG_WARN__DUPLICATE_METHOD_MATCH = YES;
				COPY_PHASE_STRIP = NO;
				DEBUG_INFORMATION_FORMAT = dwarf;
				ENABLE_STRICT_OBJC_MSGSEND = YES;
				ENABLE_TESTABILITY = YES;
				GCC_C_LANGUAGE_STANDARD = gnu11;
				GCC_DYNAMIC_NO_PIC = NO;
				GCC_NO_COMMON_BLOCKS = YES;
				GCC_OPTIMIZATION_LEVEL = 0;
				GCC_PREPROCESSOR_DEFINITIONS = (
					"DEBUG=1",
					"$(inherited)",
				);
				GCC_WARN_64_TO_32_BIT_CONVERSION = YES;
				GCC_WARN_ABOUT_RETURN_TYPE = YES_ERROR;
				GCC_WARN_UNDECLARED_SELECTOR = YES;
				GCC_WARN_UNINITIALIZED_AUTOS = YES_AGGRESSIVE;
				GCC_WARN_UNUSED_FUNCTION = YES;
				GCC_WARN_UNUSED_VARIABLE = YES;
				IPHONEOS_DEPLOYMENT_TARGET = 16.2;
				MTL_ENABLE_DEBUG_INFO = INCLUDE_SOURCE;
				MTL_FAST_MATH = YES;
				ONLY_ACTIVE_ARCH = YES;
				SDKROOT = iphoneos;
				SWIFT_ACTIVE_COMPILATION_CONDITIONS = DEBUG;
				SWIFT_OPTIMIZATION_LEVEL = "-Onone";
			};
			name = Debug;
		};
		0431A04F29991324000D5513 /* Release */ = {
			isa = XCBuildConfiguration;
			buildSettings = {
				ALWAYS_SEARCH_USER_PATHS = NO;
				CLANG_ANALYZER_NONNULL = YES;
				CLANG_ANALYZER_NUMBER_OBJECT_CONVERSION = YES_AGGRESSIVE;
				CLANG_CXX_LANGUAGE_STANDARD = "gnu++20";
				CLANG_ENABLE_MODULES = YES;
				CLANG_ENABLE_OBJC_ARC = YES;
				CLANG_ENABLE_OBJC_WEAK = YES;
				CLANG_WARN_BLOCK_CAPTURE_AUTORELEASING = YES;
				CLANG_WARN_BOOL_CONVERSION = YES;
				CLANG_WARN_COMMA = YES;
				CLANG_WARN_CONSTANT_CONVERSION = YES;
				CLANG_WARN_DEPRECATED_OBJC_IMPLEMENTATIONS = YES;
				CLANG_WARN_DIRECT_OBJC_ISA_USAGE = YES_ERROR;
				CLANG_WARN_DOCUMENTATION_COMMENTS = YES;
				CLANG_WARN_EMPTY_BODY = YES;
				CLANG_WARN_ENUM_CONVERSION = YES;
				CLANG_WARN_INFINITE_RECURSION = YES;
				CLANG_WARN_INT_CONVERSION = YES;
				CLANG_WARN_NON_LITERAL_NULL_CONVERSION = YES;
				CLANG_WARN_OBJC_IMPLICIT_RETAIN_SELF = YES;
				CLANG_WARN_OBJC_LITERAL_CONVERSION = YES;
				CLANG_WARN_OBJC_ROOT_CLASS = YES_ERROR;
				CLANG_WARN_QUOTED_INCLUDE_IN_FRAMEWORK_HEADER = YES;
				CLANG_WARN_RANGE_LOOP_ANALYSIS = YES;
				CLANG_WARN_STRICT_PROTOTYPES = YES;
				CLANG_WARN_SUSPICIOUS_MOVE = YES;
				CLANG_WARN_UNGUARDED_AVAILABILITY = YES_AGGRESSIVE;
				CLANG_WARN_UNREACHABLE_CODE = YES;
				CLANG_WARN__DUPLICATE_METHOD_MATCH = YES;
				COPY_PHASE_STRIP = NO;
				DEBUG_INFORMATION_FORMAT = "dwarf-with-dsym";
				ENABLE_NS_ASSERTIONS = NO;
				ENABLE_STRICT_OBJC_MSGSEND = YES;
				GCC_C_LANGUAGE_STANDARD = gnu11;
				GCC_NO_COMMON_BLOCKS = YES;
				GCC_WARN_64_TO_32_BIT_CONVERSION = YES;
				GCC_WARN_ABOUT_RETURN_TYPE = YES_ERROR;
				GCC_WARN_UNDECLARED_SELECTOR = YES;
				GCC_WARN_UNINITIALIZED_AUTOS = YES_AGGRESSIVE;
				GCC_WARN_UNUSED_FUNCTION = YES;
				GCC_WARN_UNUSED_VARIABLE = YES;
				IPHONEOS_DEPLOYMENT_TARGET = 16.2;
				MTL_ENABLE_DEBUG_INFO = NO;
				MTL_FAST_MATH = YES;
				SDKROOT = iphoneos;
				SWIFT_COMPILATION_MODE = wholemodule;
				SWIFT_OPTIMIZATION_LEVEL = "-O";
				VALIDATE_PRODUCT = YES;
			};
			name = Release;
		};
		0431A05129991324000D5513 /* Debug */ = {
			isa = XCBuildConfiguration;
			buildSettings = {
				ASSETCATALOG_COMPILER_APPICON_NAME = AppIcon;
				ASSETCATALOG_COMPILER_GLOBAL_ACCENT_COLOR_NAME = AccentColor;
				CODE_SIGN_STYLE = Automatic;
				CURRENT_PROJECT_VERSION = 1;
				DEVELOPMENT_ASSET_PATHS = "\"IosChatApp/Preview Content\"";
				DEVELOPMENT_TEAM = Z2K7G5MR42;
				ENABLE_PREVIEWS = YES;
				GENERATE_INFOPLIST_FILE = YES;
				INFOPLIST_FILE = IosChatApp/Info.plist;
				INFOPLIST_KEY_UIApplicationSceneManifest_Generation = YES;
				INFOPLIST_KEY_UIApplicationSupportsIndirectInputEvents = YES;
				INFOPLIST_KEY_UILaunchScreen_Generation = YES;
				INFOPLIST_KEY_UISupportedInterfaceOrientations_iPad = "UIInterfaceOrientationPortrait UIInterfaceOrientationPortraitUpsideDown UIInterfaceOrientationLandscapeLeft UIInterfaceOrientationLandscapeRight";
				INFOPLIST_KEY_UISupportedInterfaceOrientations_iPhone = "UIInterfaceOrientationPortrait UIInterfaceOrientationLandscapeLeft UIInterfaceOrientationLandscapeRight";
				LD_RUNPATH_SEARCH_PATHS = (
					"$(inherited)",
					"@executable_path/Frameworks",
				);
				MARKETING_VERSION = 1.0;
				PRODUCT_BUNDLE_IDENTIFIER = com.crushtech.IosChatApp;
				PRODUCT_NAME = "$(TARGET_NAME)";
				SWIFT_EMIT_LOC_STRINGS = YES;
				SWIFT_VERSION = 5.0;
				TARGETED_DEVICE_FAMILY = "1,2";
			};
			name = Debug;
		};
		0431A05229991324000D5513 /* Release */ = {
			isa = XCBuildConfiguration;
			buildSettings = {
				ASSETCATALOG_COMPILER_APPICON_NAME = AppIcon;
				ASSETCATALOG_COMPILER_GLOBAL_ACCENT_COLOR_NAME = AccentColor;
				CODE_SIGN_STYLE = Automatic;
				CURRENT_PROJECT_VERSION = 1;
				DEVELOPMENT_ASSET_PATHS = "\"IosChatApp/Preview Content\"";
				DEVELOPMENT_TEAM = Z2K7G5MR42;
				ENABLE_PREVIEWS = YES;
				GENERATE_INFOPLIST_FILE = YES;
				INFOPLIST_FILE = IosChatApp/Info.plist;
				INFOPLIST_KEY_UIApplicationSceneManifest_Generation = YES;
				INFOPLIST_KEY_UIApplicationSupportsIndirectInputEvents = YES;
				INFOPLIST_KEY_UILaunchScreen_Generation = YES;
				INFOPLIST_KEY_UISupportedInterfaceOrientations_iPad = "UIInterfaceOrientationPortrait UIInterfaceOrientationPortraitUpsideDown UIInterfaceOrientationLandscapeLeft UIInterfaceOrientationLandscapeRight";
				INFOPLIST_KEY_UISupportedInterfaceOrientations_iPhone = "UIInterfaceOrientationPortrait UIInterfaceOrientationLandscapeLeft UIInterfaceOrientationLandscapeRight";
				LD_RUNPATH_SEARCH_PATHS = (
					"$(inherited)",
					"@executable_path/Frameworks",
				);
				MARKETING_VERSION = 1.0;
				PRODUCT_BUNDLE_IDENTIFIER = com.crushtech.IosChatApp;
				PRODUCT_NAME = "$(TARGET_NAME)";
				SWIFT_EMIT_LOC_STRINGS = YES;
				SWIFT_VERSION = 5.0;
				TARGETED_DEVICE_FAMILY = "1,2";
			};
			name = Release;
		};
/* End XCBuildConfiguration section */

/* Begin XCConfigurationList section */
		0431A03D29991321000D5513 /* Build configuration list for PBXProject "IosChatApp" */ = {
			isa = XCConfigurationList;
			buildConfigurations = (
				0431A04E29991324000D5513 /* Debug */,
				0431A04F29991324000D5513 /* Release */,
			);
			defaultConfigurationIsVisible = 0;
			defaultConfigurationName = Release;
		};
		0431A05029991324000D5513 /* Build configuration list for PBXNativeTarget "IosChatApp" */ = {
			isa = XCConfigurationList;
			buildConfigurations = (
				0431A05129991324000D5513 /* Debug */,
				0431A05229991324000D5513 /* Release */,
			);
			defaultConfigurationIsVisible = 0;
			defaultConfigurationName = Release;
		};
/* End XCConfigurationList section */

/* Begin XCRemoteSwiftPackageReference section */
		0431A05B299CE37D000D5513 /* XCRemoteSwiftPackageReference "CryptoSwift" */ = {
			isa = XCRemoteSwiftPackageReference;
			repositoryURL = "https://github.com/krzyzanowskim/CryptoSwift.git";
			requirement = {
				kind = upToNextMajorVersion;
				minimumVersion = 1.0.0;
			};
		};
/* End XCRemoteSwiftPackageReference section */

/* Begin XCSwiftPackageProductDependency section */
		0431A05C299CE37D000D5513 /* CryptoSwift */ = {
			isa = XCSwiftPackageProductDependency;
			package = 0431A05B299CE37D000D5513 /* XCRemoteSwiftPackageReference "CryptoSwift" */;
			productName = CryptoSwift;
		};
/* End XCSwiftPackageProductDependency section */
	};
	rootObject = 0431A03A29991321000D5513 /* Project object */;
}
